// !$*UTF8*$!
{
	archiveVersion = 1;
	classes = {
	};
	objectVersion = 52;
	objects = {

/* Begin PBXBuildFile section */
		2C9F891A06D26E31BFC5EF6A /* Pods_iosLogin.framework in Frameworks */ = {isa = PBXBuildFile; fileRef = AEED26C6934FB7CFA362D129 /* Pods_iosLogin.framework */; };
		A7BF2EC123839D7B004E01B5 /* BuildFile in Frameworks */ = {isa = PBXBuildFile; productRef = A7BF2EC023839D7B004E01B5 /* SwiftPackageProductDependency */; };
		A7E827E923837B9700DC1245 /* AppDelegate.swift in Sources */ = {isa = PBXBuildFile; fileRef = A7E827E823837B9700DC1245 /* AppDelegate.swift */; };
		A7E827EB23837B9700DC1245 /* SceneDelegate.swift in Sources */ = {isa = PBXBuildFile; fileRef = A7E827EA23837B9700DC1245 /* SceneDelegate.swift */; };
		A7E827ED23837B9700DC1245 /* ViewController.swift in Sources */ = {isa = PBXBuildFile; fileRef = A7E827EC23837B9700DC1245 /* ViewController.swift */; };
		A7E827F023837B9700DC1245 /* Main.storyboard in Resources */ = {isa = PBXBuildFile; fileRef = A7E827EE23837B9700DC1245 /* Main.storyboard */; };
		A7E827F223837B9E00DC1245 /* Assets.xcassets in Resources */ = {isa = PBXBuildFile; fileRef = A7E827F123837B9E00DC1245 /* Assets.xcassets */; };
		A7E827F523837B9E00DC1245 /* LaunchScreen.storyboard in Resources */ = {isa = PBXBuildFile; fileRef = A7E827F323837B9E00DC1245 /* LaunchScreen.storyboard */; };
		A7E827FE23837EDB00DC1245 /* BuildFile in Frameworks */ = {isa = PBXBuildFile; productRef = A7E827FD23837EDB00DC1245 /* SwiftPackageProductDependency */; };
		A7E8280123837FBB00DC1245 /* Accelerate.framework in Frameworks */ = {isa = PBXBuildFile; fileRef = A7E8280023837FBB00DC1245 /* Accelerate.framework */; };
		A7E828032383884300DC1245 /* LoginController.swift in Sources */ = {isa = PBXBuildFile; fileRef = A7E828022383884300DC1245 /* LoginController.swift */; };
/* End PBXBuildFile section */

/* Begin PBXFileReference section */
		A7E827E523837B9700DC1245 /* iosLogin.app */ = {isa = PBXFileReference; explicitFileType = wrapper.application; includeInIndex = 0; path = iosLogin.app; sourceTree = BUILT_PRODUCTS_DIR; };
		A7E827E823837B9700DC1245 /* AppDelegate.swift */ = {isa = PBXFileReference; lastKnownFileType = sourcecode.swift; path = AppDelegate.swift; sourceTree = "<group>"; };
		A7E827EA23837B9700DC1245 /* SceneDelegate.swift */ = {isa = PBXFileReference; lastKnownFileType = sourcecode.swift; path = SceneDelegate.swift; sourceTree = "<group>"; };
		A7E827EC23837B9700DC1245 /* ViewController.swift */ = {isa = PBXFileReference; lastKnownFileType = sourcecode.swift; path = ViewController.swift; sourceTree = "<group>"; };
		A7E827EF23837B9700DC1245 /* Base */ = {isa = PBXFileReference; lastKnownFileType = file.storyboard; name = Base; path = Base.lproj/Main.storyboard; sourceTree = "<group>"; };
		A7E827F123837B9E00DC1245 /* Assets.xcassets */ = {isa = PBXFileReference; lastKnownFileType = folder.assetcatalog; path = Assets.xcassets; sourceTree = "<group>"; };
		A7E827F423837B9E00DC1245 /* Base */ = {isa = PBXFileReference; lastKnownFileType = file.storyboard; name = Base; path = Base.lproj/LaunchScreen.storyboard; sourceTree = "<group>"; };
		A7E827F623837B9E00DC1245 /* Info.plist */ = {isa = PBXFileReference; lastKnownFileType = text.plist.xml; path = Info.plist; sourceTree = "<group>"; };
		A7E8280023837FBB00DC1245 /* Accelerate.framework */ = {isa = PBXFileReference; lastKnownFileType = wrapper.framework; name = Accelerate.framework; path = System/Library/Frameworks/Accelerate.framework; sourceTree = SDKROOT; };
		A7E828022383884300DC1245 /* LoginController.swift */ = {isa = PBXFileReference; lastKnownFileType = sourcecode.swift; path = LoginController.swift; sourceTree = "<group>"; };
		AEED26C6934FB7CFA362D129 /* Pods_iosLogin.framework */ = {isa = PBXFileReference; explicitFileType = wrapper.framework; includeInIndex = 0; path = Pods_iosLogin.framework; sourceTree = BUILT_PRODUCTS_DIR; };
		C1FF79989E4044171E4187AD /* Pods-iosLogin.release.xcconfig */ = {isa = PBXFileReference; includeInIndex = 1; lastKnownFileType = text.xcconfig; name = "Pods-iosLogin.release.xcconfig"; path = "Target Support Files/Pods-iosLogin/Pods-iosLogin.release.xcconfig"; sourceTree = "<group>"; };
		D14671A8A612F3138183EC45 /* Pods-iosLogin.debug.xcconfig */ = {isa = PBXFileReference; includeInIndex = 1; lastKnownFileType = text.xcconfig; name = "Pods-iosLogin.debug.xcconfig"; path = "Target Support Files/Pods-iosLogin/Pods-iosLogin.debug.xcconfig"; sourceTree = "<group>"; };
/* End PBXFileReference section */

/* Begin PBXFrameworksBuildPhase section */
		A7E827E223837B9600DC1245 /* Frameworks */ = {
			isa = PBXFrameworksBuildPhase;
			buildActionMask = 2147483647;
			files = (
				A7BF2EC123839D7B004E01B5 /* BuildFile in Frameworks */,
				A7E827FE23837EDB00DC1245 /* BuildFile in Frameworks */,
				A7E8280123837FBB00DC1245 /* Accelerate.framework in Frameworks */,
				2C9F891A06D26E31BFC5EF6A /* Pods_iosLogin.framework in Frameworks */,
			);
			runOnlyForDeploymentPostprocessing = 0;
		};
/* End PBXFrameworksBuildPhase section */

/* Begin PBXGroup section */
		0EF3218BC1501B8B0424D848 /* Pods */ = {
			isa = PBXGroup;
			children = (
				D14671A8A612F3138183EC45 /* Pods-iosLogin.debug.xcconfig */,
				C1FF79989E4044171E4187AD /* Pods-iosLogin.release.xcconfig */,
			);
			name = Pods;
			path = Pods;
			sourceTree = "<group>";
		};
		A7E827DC23837B9600DC1245 = {
			isa = PBXGroup;
			children = (
				A7E827E723837B9700DC1245 /* iosLogin */,
				A7E827E623837B9700DC1245 /* Products */,
				A7E827FF23837FBB00DC1245 /* Frameworks */,
				0EF3218BC1501B8B0424D848 /* Pods */,
			);
			sourceTree = "<group>";
		};
		A7E827E623837B9700DC1245 /* Products */ = {
			isa = PBXGroup;
			children = (
				A7E827E523837B9700DC1245 /* iosLogin.app */,
			);
			name = Products;
			sourceTree = "<group>";
		};
		A7E827E723837B9700DC1245 /* iosLogin */ = {
			isa = PBXGroup;
			children = (
				A7E827E823837B9700DC1245 /* AppDelegate.swift */,
				A7E827EA23837B9700DC1245 /* SceneDelegate.swift */,
				A7E827EC23837B9700DC1245 /* ViewController.swift */,
				A7E827EE23837B9700DC1245 /* Main.storyboard */,
				A7E828022383884300DC1245 /* LoginController.swift */,
				A7E827F123837B9E00DC1245 /* Assets.xcassets */,
				A7E827F323837B9E00DC1245 /* LaunchScreen.storyboard */,
				A7E827F623837B9E00DC1245 /* Info.plist */,
			);
			path = iosLogin;
			sourceTree = "<group>";
		};
		A7E827FF23837FBB00DC1245 /* Frameworks */ = {
			isa = PBXGroup;
			children = (
				A7E8280023837FBB00DC1245 /* Accelerate.framework */,
				AEED26C6934FB7CFA362D129 /* Pods_iosLogin.framework */,
			);
			name = Frameworks;
			sourceTree = "<group>";
		};
/* End PBXGroup section */

/* Begin PBXNativeTarget section */
		A7E827E423837B9600DC1245 /* iosLogin */ = {
			isa = PBXNativeTarget;
			buildConfigurationList = A7E827F923837B9E00DC1245 /* Build configuration list for PBXNativeTarget "iosLogin" */;
			buildPhases = (
				DE0E9ECA9E48DEEF08F4927A /* [CP] Check Pods Manifest.lock */,
				A7E827E123837B9600DC1245 /* Sources */,
				A7E827E223837B9600DC1245 /* Frameworks */,
				A7E827E323837B9600DC1245 /* Resources */,
				47E7FE77F7281A7605F9EDA2 /* [CP] Embed Pods Frameworks */,
			);
			buildRules = (
			);
			dependencies = (
			);
			name = iosLogin;
			packageProductDependencies = (
				A7E827FD23837EDB00DC1245 /* SwiftPackageProductDependency */,
				A7BF2EC023839D7B004E01B5 /* SwiftPackageProductDependency */,
			);
			productName = iosLogin;
			productReference = A7E827E523837B9700DC1245 /* iosLogin.app */;
			productType = "com.apple.product-type.application";
		};
/* End PBXNativeTarget section */

/* Begin PBXProject section */
		A7E827DD23837B9600DC1245 /* Project object */ = {
			isa = PBXProject;
			attributes = {
				LastSwiftUpdateCheck = 1120;
				LastUpgradeCheck = 1120;
				ORGANIZATIONNAME = ming;
				TargetAttributes = {
					A7E827E423837B9600DC1245 = {
						CreatedOnToolsVersion = 11.2;
					};
				};
			};
			buildConfigurationList = A7E827E023837B9600DC1245 /* Build configuration list for PBXProject "iosLogin" */;
			compatibilityVersion = "Xcode 9.3";
			developmentRegion = en;
			hasScannedForEncodings = 0;
			knownRegions = (
				en,
				Base,
			);
			mainGroup = A7E827DC23837B9600DC1245;
			packageReferences = (
				A7E827FC23837EDB00DC1245 /* RemoteSwiftPackageReference */,
				A7BF2EBF23839D7B004E01B5 /* RemoteSwiftPackageReference */,
			);
			productRefGroup = A7E827E623837B9700DC1245 /* Products */;
			projectDirPath = "";
			projectRoot = "";
			targets = (
				A7E827E423837B9600DC1245 /* iosLogin */,
			);
		};
/* End PBXProject section */

/* Begin PBXResourcesBuildPhase section */
		A7E827E323837B9600DC1245 /* Resources */ = {
			isa = PBXResourcesBuildPhase;
			buildActionMask = 2147483647;
			files = (
				A7E827F523837B9E00DC1245 /* LaunchScreen.storyboard in Resources */,
				A7E827F223837B9E00DC1245 /* Assets.xcassets in Resources */,
				A7E827F023837B9700DC1245 /* Main.storyboard in Resources */,
			);
			runOnlyForDeploymentPostprocessing = 0;
		};
/* End PBXResourcesBuildPhase section */

/* Begin PBXShellScriptBuildPhase section */
		47E7FE77F7281A7605F9EDA2 /* [CP] Embed Pods Frameworks */ = {
			isa = PBXShellScriptBuildPhase;
			buildActionMask = 2147483647;
			files = (
			);
			inputFileListPaths = (
				"${PODS_ROOT}/Target Support Files/Pods-iosLogin/Pods-iosLogin-frameworks-${CONFIGURATION}-input-files.xcfilelist",
			);
			name = "[CP] Embed Pods Frameworks";
			outputFileListPaths = (
				"${PODS_ROOT}/Target Support Files/Pods-iosLogin/Pods-iosLogin-frameworks-${CONFIGURATION}-output-files.xcfilelist",
			);
			runOnlyForDeploymentPostprocessing = 0;
			shellPath = /bin/sh;
			shellScript = "\"${PODS_ROOT}/Target Support Files/Pods-iosLogin/Pods-iosLogin-frameworks.sh\"\n";
			showEnvVarsInLog = 0;
		};
		DE0E9ECA9E48DEEF08F4927A /* [CP] Check Pods Manifest.lock */ = {
			isa = PBXShellScriptBuildPhase;
			buildActionMask = 2147483647;
			files = (
			);
			inputFileListPaths = (
			);
			inputPaths = (
				"${PODS_PODFILE_DIR_PATH}/Podfile.lock",
				"${PODS_ROOT}/Manifest.lock",
			);
			name = "[CP] Check Pods Manifest.lock";
			outputFileListPaths = (
			);
			outputPaths = (
				"$(DERIVED_FILE_DIR)/Pods-iosLogin-checkManifestLockResult.txt",
			);
			runOnlyForDeploymentPostprocessing = 0;
			shellPath = /bin/sh;
			shellScript = "diff \"${PODS_PODFILE_DIR_PATH}/Podfile.lock\" \"${PODS_ROOT}/Manifest.lock\" > /dev/null\nif [ $? != 0 ] ; then\n    # print error to STDERR\n    echo \"error: The sandbox is not in sync with the Podfile.lock. Run 'pod install' or update your CocoaPods installation.\" >&2\n    exit 1\nfi\n# This output is used by Xcode 'outputs' to avoid re-running this script phase.\necho \"SUCCESS\" > \"${SCRIPT_OUTPUT_FILE_0}\"\n";
			showEnvVarsInLog = 0;
		};
/* End PBXShellScriptBuildPhase section */

/* Begin PBXSourcesBuildPhase section */
		A7E827E123837B9600DC1245 /* Sources */ = {
			isa = PBXSourcesBuildPhase;
			buildActionMask = 2147483647;
			files = (
				A7E827ED23837B9700DC1245 /* ViewController.swift in Sources */,
				A7E828032383884300DC1245 /* LoginController.swift in Sources */,
				A7E827E923837B9700DC1245 /* AppDelegate.swift in Sources */,
				A7E827EB23837B9700DC1245 /* SceneDelegate.swift in Sources */,
			);
			runOnlyForDeploymentPostprocessing = 0;
		};
/* End PBXSourcesBuildPhase section */

/* Begin PBXVariantGroup section */
		A7E827EE23837B9700DC1245 /* Main.storyboard */ = {
			isa = PBXVariantGroup;
			children = (
				A7E827EF23837B9700DC1245 /* Base */,
			);
			name = Main.storyboard;
			sourceTree = "<group>";
		};
		A7E827F323837B9E00DC1245 /* LaunchScreen.storyboard */ = {
			isa = PBXVariantGroup;
			children = (
				A7E827F423837B9E00DC1245 /* Base */,
			);
			name = LaunchScreen.storyboard;
			sourceTree = "<group>";
		};
/* End PBXVariantGroup section */

/* Begin XCBuildConfiguration section */
		A7E827F723837B9E00DC1245 /* Debug */ = {
			isa = XCBuildConfiguration;
			buildSettings = {
				ALWAYS_SEARCH_USER_PATHS = NO;
				CLANG_ANALYZER_NONNULL = YES;
				CLANG_ANALYZER_NUMBER_OBJECT_CONVERSION = YES_AGGRESSIVE;
				CLANG_CXX_LANGUAGE_STANDARD = "gnu++14";
				CLANG_CXX_LIBRARY = "libc++";
				CLANG_ENABLE_MODULES = YES;
				CLANG_ENABLE_OBJC_ARC = YES;
				CLANG_ENABLE_OBJC_WEAK = YES;
				CLANG_WARN_BLOCK_CAPTURE_AUTORELEASING = YES;
				CLANG_WARN_BOOL_CONVERSION = YES;
				CLANG_WARN_COMMA = YES;
				CLANG_WARN_CONSTANT_CONVERSION = YES;
				CLANG_WARN_DEPRECATED_OBJC_IMPLEMENTATIONS = YES;
				CLANG_WARN_DIRECT_OBJC_ISA_USAGE = YES_ERROR;
				CLANG_WARN_DOCUMENTATION_COMMENTS = YES;
				CLANG_WARN_EMPTY_BODY = YES;
				CLANG_WARN_ENUM_CONVERSION = YES;
				CLANG_WARN_INFINITE_RECURSION = YES;
				CLANG_WARN_INT_CONVERSION = YES;
				CLANG_WARN_NON_LITERAL_NULL_CONVERSION = YES;
				CLANG_WARN_OBJC_IMPLICIT_RETAIN_SELF = YES;
				CLANG_WARN_OBJC_LITERAL_CONVERSION = YES;
				CLANG_WARN_OBJC_ROOT_CLASS = YES_ERROR;
				CLANG_WARN_RANGE_LOOP_ANALYSIS = YES;
				CLANG_WARN_STRICT_PROTOTYPES = YES;
				CLANG_WARN_SUSPICIOUS_MOVE = YES;
				CLANG_WARN_UNGUARDED_AVAILABILITY = YES_AGGRESSIVE;
				CLANG_WARN_UNREACHABLE_CODE = YES;
				CLANG_WARN__DUPLICATE_METHOD_MATCH = YES;
				COPY_PHASE_STRIP = NO;
				DEAD_CODE_STRIPPING = NO;
				DEBUG_INFORMATION_FORMAT = dwarf;
				ENABLE_STRICT_OBJC_MSGSEND = YES;
				ENABLE_TESTABILITY = YES;
				GCC_C_LANGUAGE_STANDARD = gnu11;
				GCC_DYNAMIC_NO_PIC = NO;
				GCC_NO_COMMON_BLOCKS = YES;
				GCC_OPTIMIZATION_LEVEL = 0;
				GCC_PREPROCESSOR_DEFINITIONS = (
					"DEBUG=1",
					"$(inherited)",
				);
				GCC_WARN_64_TO_32_BIT_CONVERSION = YES;
				GCC_WARN_ABOUT_RETURN_TYPE = YES_ERROR;
				GCC_WARN_UNDECLARED_SELECTOR = YES;
				GCC_WARN_UNINITIALIZED_AUTOS = YES_AGGRESSIVE;
				GCC_WARN_UNUSED_FUNCTION = YES;
				GCC_WARN_UNUSED_VARIABLE = YES;
				IPHONEOS_DEPLOYMENT_TARGET = 13.2;
				MTL_ENABLE_DEBUG_INFO = INCLUDE_SOURCE;
				MTL_FAST_MATH = YES;
				ONLY_ACTIVE_ARCH = YES;
				SDKROOT = iphoneos;
				SWIFT_ACTIVE_COMPILATION_CONDITIONS = DEBUG;
				SWIFT_OPTIMIZATION_LEVEL = "-Onone";
			};
			name = Debug;
		};
		A7E827F823837B9E00DC1245 /* Release */ = {
			isa = XCBuildConfiguration;
			buildSettings = {
				ALWAYS_SEARCH_USER_PATHS = NO;
				CLANG_ANALYZER_NONNULL = YES;
				CLANG_ANALYZER_NUMBER_OBJECT_CONVERSION = YES_AGGRESSIVE;
				CLANG_CXX_LANGUAGE_STANDARD = "gnu++14";
				CLANG_CXX_LIBRARY = "libc++";
				CLANG_ENABLE_MODULES = YES;
				CLANG_ENABLE_OBJC_ARC = YES;
				CLANG_ENABLE_OBJC_WEAK = YES;
				CLANG_WARN_BLOCK_CAPTURE_AUTORELEASING = YES;
				CLANG_WARN_BOOL_CONVERSION = YES;
				CLANG_WARN_COMMA = YES;
				CLANG_WARN_CONSTANT_CONVERSION = YES;
				CLANG_WARN_DEPRECATED_OBJC_IMPLEMENTATIONS = YES;
				CLANG_WARN_DIRECT_OBJC_ISA_USAGE = YES_ERROR;
				CLANG_WARN_DOCUMENTATION_COMMENTS = YES;
				CLANG_WARN_EMPTY_BODY = YES;
				CLANG_WARN_ENUM_CONVERSION = YES;
				CLANG_WARN_INFINITE_RECURSION = YES;
				CLANG_WARN_INT_CONVERSION = YES;
				CLANG_WARN_NON_LITERAL_NULL_CONVERSION = YES;
				CLANG_WARN_OBJC_IMPLICIT_RETAIN_SELF = YES;
				CLANG_WARN_OBJC_LITERAL_CONVERSION = YES;
				CLANG_WARN_OBJC_ROOT_CLASS = YES_ERROR;
				CLANG_WARN_RANGE_LOOP_ANALYSIS = YES;
				CLANG_WARN_STRICT_PROTOTYPES = YES;
				CLANG_WARN_SUSPICIOUS_MOVE = YES;
				CLANG_WARN_UNGUARDED_AVAILABILITY = YES_AGGRESSIVE;
				CLANG_WARN_UNREACHABLE_CODE = YES;
				CLANG_WARN__DUPLICATE_METHOD_MATCH = YES;
				COPY_PHASE_STRIP = NO;
				DEAD_CODE_STRIPPING = NO;
				DEBUG_INFORMATION_FORMAT = "dwarf-with-dsym";
				ENABLE_NS_ASSERTIONS = NO;
				ENABLE_STRICT_OBJC_MSGSEND = YES;
				GCC_C_LANGUAGE_STANDARD = gnu11;
				GCC_NO_COMMON_BLOCKS = YES;
				GCC_WARN_64_TO_32_BIT_CONVERSION = YES;
				GCC_WARN_ABOUT_RETURN_TYPE = YES_ERROR;
				GCC_WARN_UNDECLARED_SELECTOR = YES;
				GCC_WARN_UNINITIALIZED_AUTOS = YES_AGGRESSIVE;
				GCC_WARN_UNUSED_FUNCTION = YES;
				GCC_WARN_UNUSED_VARIABLE = YES;
				IPHONEOS_DEPLOYMENT_TARGET = 13.2;
				MTL_ENABLE_DEBUG_INFO = NO;
				MTL_FAST_MATH = YES;
				SDKROOT = iphoneos;
				SWIFT_COMPILATION_MODE = wholemodule;
				SWIFT_OPTIMIZATION_LEVEL = "-O";
				VALIDATE_PRODUCT = YES;
			};
			name = Release;
		};
		A7E827FA23837B9E00DC1245 /* Debug */ = {
			isa = XCBuildConfiguration;
			baseConfigurationReference = D14671A8A612F3138183EC45 /* Pods-iosLogin.debug.xcconfig */;
			buildSettings = {
				ASSETCATALOG_COMPILER_APPICON_NAME = AppIcon;
				CODE_SIGN_STYLE = Automatic;
				INFOPLIST_FILE = iosLogin/Info.plist;
				LD_RUNPATH_SEARCH_PATHS = (
					"$(inherited)",
					"@executable_path/Frameworks",
				);
				PRODUCT_BUNDLE_IDENTIFIER = com.iosLogin;
				PRODUCT_NAME = "$(TARGET_NAME)";
				SWIFT_VERSION = 5.0;
				TARGETED_DEVICE_FAMILY = "1,2";
			};
			name = Debug;
		};
		A7E827FB23837B9E00DC1245 /* Release */ = {
			isa = XCBuildConfiguration;
			baseConfigurationReference = C1FF79989E4044171E4187AD /* Pods-iosLogin.release.xcconfig */;
			buildSettings = {
				ASSETCATALOG_COMPILER_APPICON_NAME = AppIcon;
				CODE_SIGN_STYLE = Automatic;
				INFOPLIST_FILE = iosLogin/Info.plist;
				LD_RUNPATH_SEARCH_PATHS = (
					"$(inherited)",
					"@executable_path/Frameworks",
				);
				PRODUCT_BUNDLE_IDENTIFIER = com.iosLogin;
				PRODUCT_NAME = "$(TARGET_NAME)";
				SWIFT_VERSION = 5.0;
				TARGETED_DEVICE_FAMILY = "1,2";
			};
			name = Release;
		};
/* End XCBuildConfiguration section */

/* Begin XCConfigurationList section */
		A7E827E023837B9600DC1245 /* Build configuration list for PBXProject "iosLogin" */ = {
			isa = XCConfigurationList;
			buildConfigurations = (
				A7E827F723837B9E00DC1245 /* Debug */,
				A7E827F823837B9E00DC1245 /* Release */,
			);
			defaultConfigurationIsVisible = 0;
			defaultConfigurationName = Release;
		};
		A7E827F923837B9E00DC1245 /* Build configuration list for PBXNativeTarget "iosLogin" */ = {
			isa = XCConfigurationList;
			buildConfigurations = (
				A7E827FA23837B9E00DC1245 /* Debug */,
				A7E827FB23837B9E00DC1245 /* Release */,
			);
			defaultConfigurationIsVisible = 0;
			defaultConfigurationName = Release;
		};
/* End XCConfigurationList section */

/* Begin XCRemoteSwiftPackageReference section */
		A7BF2EBF23839D7B004E01B5 /* RemoteSwiftPackageReference */ = {
			isa = XCRemoteSwiftPackageReference;
			repositoryURL = "https://github.com/onevcat/Kingfisher";
			requirement = {
				kind = upToNextMajorVersion;
				minimumVersion = 5.10.0;
			};
		};
		A7E827FC23837EDB00DC1245 /* RemoteSwiftPackageReference */ = {
			isa = XCRemoteSwiftPackageReference;
			repositoryURL = "https://github.com/facebook/facebook-ios-sdk";
			requirement = {
				kind = upToNextMajorVersion;
				minimumVersion = 5.11.0;
			};
		};
/* End XCRemoteSwiftPackageReference section */

/* Begin XCSwiftPackageProductDependency section */
		A7BF2EC023839D7B004E01B5 /* SwiftPackageProductDependency */ = {
			isa = XCSwiftPackageProductDependency;
			package = A7BF2EBF23839D7B004E01B5 /* RemoteSwiftPackageReference */;
			productName = Kingfisher;
		};
		A7E827FD23837EDB00DC1245 /* SwiftPackageProductDependency */ = {
			isa = XCSwiftPackageProductDependency;
			package = A7E827FC23837EDB00DC1245 /* RemoteSwiftPackageReference */;
			productName = FacebookLogin;
		};
/* End XCSwiftPackageProductDependency section */
	};
	rootObject = A7E827DD23837B9600DC1245 /* Project object */;
}
